<?xml version="1.0" encoding="utf-8"?>
<Project ToolsVersion="4.0" xmlns="http://schemas.microsoft.com/developer/msbuild/2003">
  <ItemGroup>
    <Filter Include="Source Files">
      <UniqueIdentifier>{4FC737F1-C7A5-4376-A066-2A32D752A2FF}</UniqueIdentifier>
      <Extensions>cpp;c;cc;cxx;def;odl;idl;hpj;bat;asm;asmx</Extensions>
    </Filter>
    <Filter Include="Header Files">
      <UniqueIdentifier>{93995380-89BD-4b04-88EB-625FBE52EBFB}</UniqueIdentifier>
      <Extensions>h;hh;hpp;hxx;hm;inl;inc;xsd</Extensions>
    </Filter>
    <Filter Include="Resource Files">
      <UniqueIdentifier>{67DA6AB6-F800-4c08-8B7A-83BB121AAD01}</UniqueIdentifier>
      <Extensions>rc;ico;cur;bmp;dlg;rc2;rct;bin;rgs;gif;jpg;jpeg;jpe;resx;tiff;tif;png;wav</Extensions>
    </Filter>
  </ItemGroup>
  <ItemGroup>
    <ClCompile Include="pixgeo\src\FEI4Double.cc">
      <Filter>Source Files</Filter>
    </ClCompile>
    <ClCompile Include="pixgeo\src\FEI4FourChip.cc">
      <Filter>Source Files</Filter>
    </ClCompile>
    <ClCompile Include="pixgeo\src\FEI4FourChipUK_G4.cc">
      <Filter>Source Files</Filter>
    </ClCompile>
    <ClCompile Include="pixgeo\src\FEI4Single.cc">
      <Filter>Source Files</Filter>
    </ClCompile>
    <ClCompile Include="pixgeo\src\FEI4Single250x50.cc">
      <Filter>Source Files</Filter>
    </ClCompile>
    <ClCompile Include="pixgeo\src\Mimosa26.cc">
      <Filter>Source Files</Filter>
    </ClCompile>
    <ClCompile Include="src\CrossSection.cpp">
      <Filter>Source Files</Filter>
    </ClCompile>
    <ClCompile Include="src\EUTelFilterHitFilter.cpp">
      <Filter>Source Files</Filter>
    </ClCompile>
    <ClCompile Include="src\EUTelGeometryTelescopeGeoDescription.cpp">
      <Filter>Source Files</Filter>
    </ClCompile>
    <ClCompile Include="src\EUTelHit.cpp">
      <Filter>Source Files</Filter>
    </ClCompile>
    <ClCompile Include="src\EUTelProcessorCoordinateTransformHits.cpp">
      <Filter>Source Files</Filter>
    </ClCompile>
    <ClCompile Include="src\EUTelProcessorGBLTrackFit.cpp">
      <Filter>Source Files</Filter>
    </ClCompile>
    <ClCompile Include="src\EUTelProcessorRootCreate.cpp">
      <Filter>Source Files</Filter>
    </ClCompile>
    <ClCompile Include="src\EUTelProcessorTrackAnalysis.cpp">
      <Filter>Source Files</Filter>
    </ClCompile>
    <ClCompile Include="src\EUTelProcessorTrackSelection.cpp">
      <Filter>Source Files</Filter>
    </ClCompile>
    <ClCompile Include="src\EUTelRadCal.cpp">
      <Filter>Source Files</Filter>
    </ClCompile>
    <ClCompile Include="src\EUTelReaderGenericLCIO.cpp">
      <Filter>Source Files</Filter>
    </ClCompile>
    <ClCompile Include="src\EUTelState.cpp">
      <Filter>Source Files</Filter>
    </ClCompile>
    <ClCompile Include="src\EUTelTrack.cpp">
      <Filter>Source Files</Filter>
    </ClCompile>
    <ClCompile Include="src\EUTelTrackAnalysis.cpp">
      <Filter>Source Files</Filter>
    </ClCompile>
    <ClCompile Include="src\EUTelTrackCreate.cpp">
      <Filter>Source Files</Filter>
    </ClCompile>
    <ClCompile Include="src\EUTelTrackSelection.cpp">
      <Filter>Source Files</Filter>
    </ClCompile>
    <ClCompile Include="src\anyoption.cc">
      <Filter>Source Files</Filter>
    </ClCompile>
    <ClCompile Include="src\cluster.cc">
      <Filter>Source Files</Filter>
    </ClCompile>
    <ClCompile Include="src\CMSPixelCalibrateEvent.cc">
      <Filter>Source Files</Filter>
    </ClCompile>
    <ClCompile Include="src\CMSPixelClusteringProcessor.cc">
      <Filter>Source Files</Filter>
    </ClCompile>
    <ClCompile Include="src\EUTelAlign.cc">
      <Filter>Source Files</Filter>
    </ClCompile>
    <ClCompile Include="src\EUTelAlignmentConstant.cc">
      <Filter>Source Files</Filter>
    </ClCompile>
    <ClCompile Include="src\EUTelAPIXTbTrackTuple.cc">
      <Filter>Source Files</Filter>
    </ClCompile>
    <ClCompile Include="src\EUTelAPIXTbTrackTupleGBL.cc">
      <Filter>Source Files</Filter>
    </ClCompile>
    <ClCompile Include="src\EUTelApplyAlignmentProcessor.cc">
      <Filter>Source Files</Filter>
    </ClCompile>
    <ClCompile Include="src\EUTelAutoPedestalNoiseProcessor.cc">
      <Filter>Source Files</Filter>
    </ClCompile>
    <ClCompile Include="src\EUTelBaseSparsePixel.cc">
      <Filter>Source Files</Filter>
    </ClCompile>
    <ClCompile Include="src\EUTelBrickedClusterImpl.cc">
      <Filter>Source Files</Filter>
    </ClCompile>
    <ClCompile Include="src\EUTelCalculateEtaProcessor.cc">
      <Filter>Source Files</Filter>
    </ClCompile>
    <ClCompile Include="src\EUTelCalibrateEventProcessor.cc">
      <Filter>Source Files</Filter>
    </ClCompile>
    <ClCompile Include="src\EUTelClusterFilter.cc">
      <Filter>Source Files</Filter>
    </ClCompile>
    <ClCompile Include="src\EUTelClusteringProcessor.cc">
      <Filter>Source Files</Filter>
    </ClCompile>
    <ClCompile Include="src\EUTelClusterSeparationProcessor.cc">
      <Filter>Source Files</Filter>
    </ClCompile>
    <ClCompile Include="src\EUTelCopyPedestalProcessor.cc">
      <Filter>Source Files</Filter>
    </ClCompile>
    <ClCompile Include="src\EUTelCorrelator.cc">
      <Filter>Source Files</Filter>
    </ClCompile>
    <ClCompile Include="src\EUTelDafAlign.cc">
      <Filter>Source Files</Filter>
    </ClCompile>
    <ClCompile Include="src\EUTelDafBase.cc">
      <Filter>Source Files</Filter>
    </ClCompile>
    <ClCompile Include="src\EUTelDafEigenFitter.cc">
      <Filter>Source Files</Filter>
    </ClCompile>
    <ClCompile Include="src\EUTelDafFitter.cc">
      <Filter>Source Files</Filter>
    </ClCompile>
    <ClCompile Include="src\EUTelDafTrackerSystem.cc">
      <Filter>Source Files</Filter>
    </ClCompile>
    <ClCompile Include="src\EUTelDFFClusterImpl.cc">
      <Filter>Source Files</Filter>
    </ClCompile>
    <ClCompile Include="src\EUTelDUTHistograms.cc">
      <Filter>Source Files</Filter>
    </ClCompile>
    <ClCompile Include="src\EUTELESCOPE.cc">
      <Filter>Source Files</Filter>
    </ClCompile>
    <ClCompile Include="src\EUTelEtaFunctionImpl.cc">
      <Filter>Source Files</Filter>
    </ClCompile>
    <ClCompile Include="src\EUTelEUDRBReader.cc">
      <Filter>Source Files</Filter>
    </ClCompile>
    <ClCompile Include="src\EUTelEventImpl.cc">
      <Filter>Source Files</Filter>
    </ClCompile>
    <ClCompile Include="src\EUTelEventViewer.cc">
      <Filter>Source Files</Filter>
    </ClCompile>
    <ClCompile Include="src\EUTelExampleProcessorCorrelator.cc">
      <Filter>Source Files</Filter>
    </ClCompile>
    <ClCompile Include="src\EUTelExcludedPlanes.cc">
      <Filter>Source Files</Filter>
    </ClCompile>
    <ClCompile Include="src\EUTelFFClusterImpl.cc">
      <Filter>Source Files</Filter>
    </ClCompile>
    <ClCompile Include="src\EUTelFilter.cc">
      <Filter>Source Files</Filter>
    </ClCompile>
    <ClCompile Include="src\EUTelFitHistograms.cc">
      <Filter>Source Files</Filter>
    </ClCompile>
    <ClCompile Include="src\EUTelFitTuple.cc">
      <Filter>Source Files</Filter>
    </ClCompile>
    <ClCompile Include="src\EUTelGBLFitter.cc">
      <Filter>Source Files</Filter>
    </ClCompile>
    <ClCompile Include="src\EUTelGenericPixGeoDescr.cc">
      <Filter>Source Files</Filter>
    </ClCompile>
    <ClCompile Include="src\EUTelGenericPixGeoMgr.cc">
      <Filter>Source Files</Filter>
    </ClCompile>
    <ClCompile Include="src\EUTelGenericSparsePixel.cc">
      <Filter>Source Files</Filter>
    </ClCompile>
    <ClCompile Include="src\EUTelGeometricClusterImpl.cc">
      <Filter>Source Files</Filter>
    </ClCompile>
    <ClCompile Include="src\EUTelGeometricPixel.cc">
      <Filter>Source Files</Filter>
    </ClCompile>
    <ClCompile Include="src\EUTelHistogramMaker.cc">
      <Filter>Source Files</Filter>
    </ClCompile>
    <ClCompile Include="src\EUTelHistogramManager.cc">
      <Filter>Source Files</Filter>
    </ClCompile>
    <ClCompile Include="src\EUTelLineFit.cc">
      <Filter>Source Files</Filter>
    </ClCompile>
    <ClCompile Include="src\EUTelMatrixDecoder.cc">
      <Filter>Source Files</Filter>
    </ClCompile>
    <ClCompile Include="src\EUTelMille.cc">
      <Filter>Source Files</Filter>
    </ClCompile>
    <ClCompile Include="src\EUTelMillepede.cc">
      <Filter>Source Files</Filter>
    </ClCompile>
    <ClCompile Include="src\EUTelMissingCoordinateEstimator.cc">
      <Filter>Source Files</Filter>
    </ClCompile>
    <ClCompile Include="src\EUTelNav.cc">
      <Filter>Source Files</Filter>
    </ClCompile>
    <ClCompile Include="src\EUTelOutputProcessor.cc">
      <Filter>Source Files</Filter>
    </ClCompile>
    <ClCompile Include="src\EUTelOutputTTree.cc">
      <Filter>Source Files</Filter>
    </ClCompile>
    <ClCompile Include="src\EUTelPatRecTriplets.cc">
      <Filter>Source Files</Filter>
    </ClCompile>
    <ClCompile Include="src\EUTelPedeGEAR.cc">
      <Filter>Source Files</Filter>
    </ClCompile>
    <ClCompile Include="src\EUTelPedestalNoiseProcessor.cc">
      <Filter>Source Files</Filter>
    </ClCompile>
    <ClCompile Include="src\EUTelPreAlignment.cc">
      <Filter>Source Files</Filter>
    </ClCompile>
    <ClCompile Include="src\EUTelProcessorAnalysisPALPIDEfs.cc">
      <Filter>Source Files</Filter>
    </ClCompile>
    <ClCompile Include="src\EUTelProcessorAnalysisPALPIDEfsNoise.cc">
      <Filter>Source Files</Filter>
    </ClCompile>
    <ClCompile Include="src\EUTelProcessorApplyAlignment.cc">
      <Filter>Source Files</Filter>
    </ClCompile>
    <ClCompile Include="src\EUTelProcessorDeadColumnFinder.cc">
      <Filter>Source Files</Filter>
    </ClCompile>
    <ClCompile Include="src\EUTelProcessorFilteringHitFilter.cc">
      <Filter>Source Files</Filter>
    </ClCompile>
    <ClCompile Include="src\EUTelProcessorGBLAlign.cc">
      <Filter>Source Files</Filter>
    </ClCompile>
    <ClCompile Include="src\EUTelProcessorGeometricClustering.cc">
      <Filter>Source Files</Filter>
    </ClCompile>
    <ClCompile Include="src\EUTelProcessorHitMaker.cc">
      <Filter>Source Files</Filter>
    </ClCompile>
    <ClCompile Include="src\EUTelProcessorHotPixelFinder.cc">
      <Filter>Source Files</Filter>
    </ClCompile>
    <ClCompile Include="src\EUTelProcessorMapping.cc">
      <Filter>Source Files</Filter>
    </ClCompile>
    <ClCompile Include="src\EUTelProcessorNoisyClusterMasker.cc">
      <Filter>Source Files</Filter>
    </ClCompile>
    <ClCompile Include="src\EUTelProcessorNoisyClusterRemover.cc">
      <Filter>Source Files</Filter>
    </ClCompile>
    <ClCompile Include="src\EUTelProcessorNoisyPixelFinder.cc">
      <Filter>Source Files</Filter>
    </ClCompile>
    <ClCompile Include="src\EUTelProcessorPatRecTriplets.cc">
      <Filter>Source Files</Filter>
    </ClCompile>
    <ClCompile Include="src\EUTelProcessorSparseClustering.cc">
      <Filter>Source Files</Filter>
    </ClCompile>
    <ClCompile Include="src\EUTelPseudo1DHistogram.cc">
      <Filter>Source Files</Filter>
    </ClCompile>
    <ClCompile Include="src\EUTelRawDataSparsifier.cc">
      <Filter>Source Files</Filter>
    </ClCompile>
    <ClCompile Include="src\EUTelReferenceHit.cc">
      <Filter>Source Files</Filter>
    </ClCompile>
    <ClCompile Include="src\EUTelROI.cc">
      <Filter>Source Files</Filter>
    </ClCompile>
    <ClCompile Include="src\EUTelRunHeaderImpl.cc">
      <Filter>Source Files</Filter>
    </ClCompile>
    <ClCompile Include="src\EUTelSimpleSparsePixel.cc">
      <Filter>Source Files</Filter>
    </ClCompile>
    <ClCompile Include="src\EUTelSparseClusterImpl.cc">
      <Filter>Source Files</Filter>
    </ClCompile>
    <ClCompile Include="src\EUTelStrasMimoTelReader.cc">
      <Filter>Source Files</Filter>
    </ClCompile>
    <ClCompile Include="src\EUTelSucimaImagerReader.cc">
      <Filter>Source Files</Filter>
    </ClCompile>
    <ClCompile Include="src\EUTelTestFitter.cc">
      <Filter>Source Files</Filter>
    </ClCompile>
    <ClCompile Include="src\EUTelUpdatePedestalNoiseProcessor.cc">
      <Filter>Source Files</Filter>
    </ClCompile>
    <ClCompile Include="src\EUTelUtility.cc">
      <Filter>Source Files</Filter>
    </ClCompile>
    <ClCompile Include="src\EUTelUtilityPrintEventNumber.cc">
      <Filter>Source Files</Filter>
    </ClCompile>
    <ClCompile Include="src\GEARPixGeoDescr.cc">
      <Filter>Source Files</Filter>
    </ClCompile>
    <ClCompile Include="src\TDSPixelsChargeMap.cc">
      <Filter>Source Files</Filter>
    </ClCompile>
    <ClCompile Include="src\TDSPrecluster.cc">
      <Filter>Source Files</Filter>
    </ClCompile>
    <ClCompile Include="src\alibava\ALIBAVA.cc">
      <Filter>Source Files</Filter>
    </ClCompile>
    <ClCompile Include="src\alibava\AlibavaBaseHistogramMaker.cc">
      <Filter>Source Files</Filter>
    </ClCompile>
    <ClCompile Include="src\alibava\AlibavaBaseProcessor.cc">
      <Filter>Source Files</Filter>
    </ClCompile>
    <ClCompile Include="src\alibava\AlibavaCluster.cc">
      <Filter>Source Files</Filter>
    </ClCompile>
    <ClCompile Include="src\alibava\AlibavaClusterCollectionMerger.cc">
      <Filter>Source Files</Filter>
    </ClCompile>
    <ClCompile Include="src\alibava\AlibavaClusterConverter.cc">
      <Filter>Source Files</Filter>
    </ClCompile>
    <ClCompile Include="src\alibava\AlibavaClusterHistogramMaker.cc">
      <Filter>Source Files</Filter>
    </ClCompile>
    <ClCompile Include="src\alibava\AlibavaCommonModeSubtraction.cc">
      <Filter>Source Files</Filter>
    </ClCompile>
    <ClCompile Include="src\alibava\AlibavaConstantCommonModeCutProcessor.cc">
      <Filter>Source Files</Filter>
    </ClCompile>
    <ClCompile Include="src\alibava\AlibavaConstantCommonModeProcessor.cc">
      <Filter>Source Files</Filter>
    </ClCompile>
    <ClCompile Include="src\alibava\AlibavaConverter.cc">
      <Filter>Source Files</Filter>
    </ClCompile>
    <ClCompile Include="src\alibava\AlibavaCorrelator.cc">
      <Filter>Source Files</Filter>
    </ClCompile>
    <ClCompile Include="src\alibava\AlibavaDataHistogramMaker.cc">
      <Filter>Source Files</Filter>
    </ClCompile>
    <ClCompile Include="src\alibava\AlibavaEventImpl.cc">
      <Filter>Source Files</Filter>
    </ClCompile>
    <ClCompile Include="src\alibava\AlibavaPedestalNoiseProcessor.cc">
      <Filter>Source Files</Filter>
    </ClCompile>
    <ClCompile Include="src\alibava\AlibavaPedestalSubtraction.cc">
      <Filter>Source Files</Filter>
    </ClCompile>
    <ClCompile Include="src\alibava\AlibavaPedNoiCalIOManager.cc">
      <Filter>Source Files</Filter>
    </ClCompile>
    <ClCompile Include="src\alibava\AlibavaRunHeaderImpl.cc">
      <Filter>Source Files</Filter>
    </ClCompile>
    <ClCompile Include="src\alibava\AlibavaSeedClustering.cc">
      <Filter>Source Files</Filter>
    </ClCompile>
    <ClCompile Include="src\alibava\AlibavaTimeCutProcessor.cc">
      <Filter>Source Files</Filter>
    </ClCompile>
    <ClCompile Include="src\alibava\ExampleAlibavaHistogramMaker.cc">
      <Filter>Source Files</Filter>
    </ClCompile>
    <ClCompile Include="src\alibava\ExampleAlibavaProcessor.cc">
      <Filter>Source Files</Filter>
    </ClCompile>
    <ClCompile Include="src\exec\pede2lcio.cxx">
      <Filter>Source Files</Filter>
    </ClCompile>
    <ClCompile Include="src\exec\pedestalmerge.cxx">
      <Filter>Source Files</Filter>
    </ClCompile>
    <ClCompile Include="test\autopede\autopedetest.cc">
      <Filter>Source Files</Filter>
    </ClCompile>
    <ClCompile Include="test\cluster\clustertest.cc">
      <Filter>Source Files</Filter>
    </ClCompile>
    <ClCompile Include="test\correlation\correlationAnalysis.C">
      <Filter>Source Files</Filter>
    </ClCompile>
    <ClCompile Include="test\correlation\rootlogon.C">
      <Filter>Source Files</Filter>
    </ClCompile>
    <ClCompile Include="test\eudrbtest\eudrb.cc">
      <Filter>Source Files</Filter>
    </ClCompile>
    <ClCompile Include="test\histograms\eutelescopeHistos.C">
      <Filter>Source Files</Filter>
    </ClCompile>
    <ClCompile Include="test\histograms\rootlogon.C">
      <Filter>Source Files</Filter>
    </ClCompile>
    <ClCompile Include="test\noise\advancedNoiseAnalysis.C">
      <Filter>Source Files</Filter>
    </ClCompile>
    <ClCompile Include="test\noise\rootlogon.C">
      <Filter>Source Files</Filter>
    </ClCompile>
    <ClCompile Include="test\noise\Style_AdvNoise.C">
      <Filter>Source Files</Filter>
    </ClCompile>
    <ClCompile Include="test\pedestal\pedetest.cc">
      <Filter>Source Files</Filter>
    </ClCompile>
    <ClCompile Include="test\stattest\stattest.r1852.mod\example\createExampleFile.C">
      <Filter>Source Files</Filter>
    </ClCompile>
    <ClCompile Include="tools\geant2lcio\geant2lcio.cc">
      <Filter>Source Files</Filter>
    </ClCompile>
  </ItemGroup>
  <ItemGroup>
    <ClInclude Include="include\anyoption.h">
      <Filter>Header Files</Filter>
    </ClInclude>
    <ClInclude Include="include\CellIDReencoder.h">
      <Filter>Header Files</Filter>
    </ClInclude>
    <ClInclude Include="include\cluster.h">
      <Filter>Header Files</Filter>
    </ClInclude>
    <ClInclude Include="include\CMSPixelCalibrateEvent.h">
      <Filter>Header Files</Filter>
    </ClInclude>
    <ClInclude Include="include\CMSPixelClusteringProcessor.h">
      <Filter>Header Files</Filter>
    </ClInclude>
    <ClInclude Include="include\EUTelAlign.h">
      <Filter>Header Files</Filter>
    </ClInclude>
    <ClInclude Include="include\EUTelAlignmentConstant.h">
      <Filter>Header Files</Filter>
    </ClInclude>
    <ClInclude Include="include\EUTelAPIXTbTrackTuple.h">
      <Filter>Header Files</Filter>
    </ClInclude>
    <ClInclude Include="include\EUTelAPIXTbTrackTupleGBL.h">
      <Filter>Header Files</Filter>
    </ClInclude>
    <ClInclude Include="include\EUTelApplyAlignmentProcessor.h">
      <Filter>Header Files</Filter>
    </ClInclude>
    <ClInclude Include="include\EUTelAutoPedestalNoiseProcessor.h">
      <Filter>Header Files</Filter>
    </ClInclude>
    <ClInclude Include="include\EUTelBaseSparsePixel.h">
      <Filter>Header Files</Filter>
    </ClInclude>
    <ClInclude Include="include\EUTelBlock.h">
      <Filter>Header Files</Filter>
    </ClInclude>
    <ClInclude Include="include\EUTelBrickedClusterImpl.h">
      <Filter>Header Files</Filter>
    </ClInclude>
    <ClInclude Include="include\EUTelCalculateEtaProcessor.h">
      <Filter>Header Files</Filter>
    </ClInclude>
    <ClInclude Include="include\EUTelCalibrateEventProcessor.h">
      <Filter>Header Files</Filter>
    </ClInclude>
    <ClInclude Include="include\EUTelCDashMeasurement.h">
      <Filter>Header Files</Filter>
    </ClInclude>
    <ClInclude Include="include\EUTelClusterFilter.h">
      <Filter>Header Files</Filter>
    </ClInclude>
    <ClInclude Include="include\EUTelClusteringProcessor.h">
      <Filter>Header Files</Filter>
    </ClInclude>
    <ClInclude Include="include\EUTelClusterSeparationProcessor.h">
      <Filter>Header Files</Filter>
    </ClInclude>
    <ClInclude Include="include\EUTelCopyPedestalProcessor.h">
      <Filter>Header Files</Filter>
    </ClInclude>
    <ClInclude Include="include\EUTelCorrelator.h">
      <Filter>Header Files</Filter>
    </ClInclude>
    <ClInclude Include="include\EUTelDafAlign.h">
      <Filter>Header Files</Filter>
    </ClInclude>
    <ClInclude Include="include\EUTelDafBase.h">
      <Filter>Header Files</Filter>
    </ClInclude>
    <ClInclude Include="include\EUTelDafDutAlign.h">
      <Filter>Header Files</Filter>
    </ClInclude>
    <ClInclude Include="include\EUTelDafFitter.h">
      <Filter>Header Files</Filter>
    </ClInclude>
    <ClInclude Include="include\EUTelDafTrackerSystem.h">
      <Filter>Header Files</Filter>
    </ClInclude>
    <ClInclude Include="include\EUTelDFFClusterImpl.h">
      <Filter>Header Files</Filter>
    </ClInclude>
    <ClInclude Include="include\EUTelDUTHistograms.h">
      <Filter>Header Files</Filter>
    </ClInclude>
    <ClInclude Include="include\EUTELESCOPE.h">
      <Filter>Header Files</Filter>
    </ClInclude>
    <ClInclude Include="include\EUTelEtaFunctionImpl.h">
      <Filter>Header Files</Filter>
    </ClInclude>
    <ClInclude Include="include\EUTelEUDRBReader.h">
      <Filter>Header Files</Filter>
    </ClInclude>
    <ClInclude Include="include\EUTelEventImpl.h">
      <Filter>Header Files</Filter>
    </ClInclude>
    <ClInclude Include="include\EUTelEventViewer.h">
      <Filter>Header Files</Filter>
    </ClInclude>
    <ClInclude Include="include\EUTelExampleProcessorCorrelator.h">
      <Filter>Header Files</Filter>
    </ClInclude>
    <ClInclude Include="include\EUTelExceptions.h">
      <Filter>Header Files</Filter>
    </ClInclude>
    <ClInclude Include="include\EUTelExcludedPlanes.h">
      <Filter>Header Files</Filter>
    </ClInclude>
    <ClInclude Include="include\EUTelFFClusterImpl.h">
      <Filter>Header Files</Filter>
    </ClInclude>
    <ClInclude Include="include\EUTelFilter.h">
      <Filter>Header Files</Filter>
    </ClInclude>
    <ClInclude Include="include\EUTelFilterHitFilter.h">
      <Filter>Header Files</Filter>
    </ClInclude>
    <ClInclude Include="include\EUTelFitHistograms.h">
      <Filter>Header Files</Filter>
    </ClInclude>
    <ClInclude Include="include\EUTelFitTuple.h">
      <Filter>Header Files</Filter>
    </ClInclude>
    <ClInclude Include="include\EUTelGBLFitter.h">
      <Filter>Header Files</Filter>
    </ClInclude>
    <ClInclude Include="include\EUTelGenericPixGeoDescr.h">
      <Filter>Header Files</Filter>
    </ClInclude>
    <ClInclude Include="include\EUTelGenericPixGeoMgr.h">
      <Filter>Header Files</Filter>
    </ClInclude>
    <ClInclude Include="include\EUTelGenericSparseClusterImpl.h">
      <Filter>Header Files</Filter>
    </ClInclude>
    <ClInclude Include="include\EUTelGenericSparsePixel.h">
      <Filter>Header Files</Filter>
    </ClInclude>
    <ClInclude Include="include\EUTelGeometricClusterImpl.h">
      <Filter>Header Files</Filter>
    </ClInclude>
    <ClInclude Include="include\EUTelGeometricPixel.h">
      <Filter>Header Files</Filter>
    </ClInclude>
    <ClInclude Include="include\EUTelGeometryTelescopeGeoDescription.h">
      <Filter>Header Files</Filter>
    </ClInclude>
    <ClInclude Include="include\EUTelHistogramMaker.h">
      <Filter>Header Files</Filter>
    </ClInclude>
    <ClInclude Include="include\EUTelHistogramManager.h">
      <Filter>Header Files</Filter>
    </ClInclude>
    <ClInclude Include="include\EUTelHit.h">
      <Filter>Header Files</Filter>
    </ClInclude>
    <ClInclude Include="include\EUTelLineFit.h">
      <Filter>Header Files</Filter>
    </ClInclude>
    <ClInclude Include="include\EUTelMatrixDecoder.h">
      <Filter>Header Files</Filter>
    </ClInclude>
    <ClInclude Include="include\EUTelMille.h">
      <Filter>Header Files</Filter>
    </ClInclude>
    <ClInclude Include="include\EUTelMillepede.h">
      <Filter>Header Files</Filter>
    </ClInclude>
    <ClInclude Include="include\EUTelMissingCoordinateEstimator.h">
      <Filter>Header Files</Filter>
    </ClInclude>
    <ClInclude Include="include\EUTelNav.h">
      <Filter>Header Files</Filter>
    </ClInclude>
    <ClInclude Include="include\EUTelOutputProcessor.h">
      <Filter>Header Files</Filter>
    </ClInclude>
    <ClInclude Include="include\EUTelPatRecTriplets.h">
      <Filter>Header Files</Filter>
    </ClInclude>
    <ClInclude Include="include\EUTelPatternRecognition.h">
      <Filter>Header Files</Filter>
    </ClInclude>
    <ClInclude Include="include\EUTelPedeGEAR.h">
      <Filter>Header Files</Filter>
    </ClInclude>
    <ClInclude Include="include\EUTelPedestalNoiseProcessor.h">
      <Filter>Header Files</Filter>
    </ClInclude>
    <ClInclude Include="include\EUTelPreAlignment.h">
      <Filter>Header Files</Filter>
    </ClInclude>
    <ClInclude Include="include\EUTelProcessorAnalysisPALPIDEfs.h">
      <Filter>Header Files</Filter>
    </ClInclude>
    <ClInclude Include="include\EUTelProcessorAnalysisPALPIDEfsNoise.h">
      <Filter>Header Files</Filter>
    </ClInclude>
    <ClInclude Include="include\EUTelProcessorApplyAlignment.h">
      <Filter>Header Files</Filter>
    </ClInclude>
    <ClInclude Include="include\EUTelProcessorCoordinateTransformHits.h">
      <Filter>Header Files</Filter>
    </ClInclude>
    <ClInclude Include="include\EUTelProcessorDeadColumnFinder.h">
      <Filter>Header Files</Filter>
    </ClInclude>
    <ClInclude Include="include\EUTelProcessorFilteringHitFilter.h">
      <Filter>Header Files</Filter>
    </ClInclude>
    <ClInclude Include="include\EUTelProcessorGBLAlign.h">
      <Filter>Header Files</Filter>
    </ClInclude>
    <ClInclude Include="include\EUTelProcessorGBLTrackFit.h">
      <Filter>Header Files</Filter>
    </ClInclude>
    <ClInclude Include="include\EUTelProcessorGeometricClustering.h">
      <Filter>Header Files</Filter>
    </ClInclude>
    <ClInclude Include="include\EUTelProcessorHitMaker.h">
      <Filter>Header Files</Filter>
    </ClInclude>
    <ClInclude Include="include\EUTelProcessorHotPixelFinder.h">
      <Filter>Header Files</Filter>
    </ClInclude>
    <ClInclude Include="include\EUTelProcessorMapping.h">
      <Filter>Header Files</Filter>
    </ClInclude>
    <ClInclude Include="include\EUTelProcessorNoisyClusterMasker.h">
      <Filter>Header Files</Filter>
    </ClInclude>
    <ClInclude Include="include\EUTelProcessorNoisyClusterRemover.h">
      <Filter>Header Files</Filter>
    </ClInclude>
    <ClInclude Include="include\EUTelProcessorNoisyPixelFinder.h">
      <Filter>Header Files</Filter>
    </ClInclude>
    <ClInclude Include="include\EUTelProcessorPatRecTriplets.h">
      <Filter>Header Files</Filter>
    </ClInclude>
    <ClInclude Include="include\EUTelProcessorRootCreate.h">
      <Filter>Header Files</Filter>
    </ClInclude>
    <ClInclude Include="include\EUTelProcessorSparseClustering.h">
      <Filter>Header Files</Filter>
    </ClInclude>
    <ClInclude Include="include\EUTelProcessorTrackAnalysis.h">
      <Filter>Header Files</Filter>
    </ClInclude>
    <ClInclude Include="include\EUTelProcessorTrackSelection.h">
      <Filter>Header Files</Filter>
    </ClInclude>
    <ClInclude Include="include\EUTelPseudo1DHistogram.h">
      <Filter>Header Files</Filter>
    </ClInclude>
    <ClInclude Include="include\EUTelPStream.h">
      <Filter>Header Files</Filter>
    </ClInclude>
    <ClInclude Include="include\EUTelRadCal.h">
      <Filter>Header Files</Filter>
    </ClInclude>
    <ClInclude Include="include\EUTelRawDataSparsifier.h">
      <Filter>Header Files</Filter>
    </ClInclude>
    <ClInclude Include="include\EUTelReaderGenericLCIO.h">
      <Filter>Header Files</Filter>
    </ClInclude>
    <ClInclude Include="include\EUTelReferenceHit.h">
      <Filter>Header Files</Filter>
    </ClInclude>
    <ClInclude Include="include\EUTelROI.h">
      <Filter>Header Files</Filter>
    </ClInclude>
    <ClInclude Include="include\EUTelRunHeaderImpl.h">
      <Filter>Header Files</Filter>
    </ClInclude>
    <ClInclude Include="include\EUTelSimpleSparsePixel.h">
      <Filter>Header Files</Filter>
    </ClInclude>
    <ClInclude Include="include\EUTelSimpleVirtualCluster.h">
      <Filter>Header Files</Filter>
    </ClInclude>
    <ClInclude Include="include\EUTelSparseClusterImpl.h">
      <Filter>Header Files</Filter>
    </ClInclude>
    <ClInclude Include="include\EUTelState.h">
      <Filter>Header Files</Filter>
    </ClInclude>
    <ClInclude Include="include\EUTelStrasMimoTelReader.h">
      <Filter>Header Files</Filter>
    </ClInclude>
    <ClInclude Include="include\EUTelSucimaImagerReader.h">
      <Filter>Header Files</Filter>
    </ClInclude>
    <ClInclude Include="include\EUTelTestFitter.h">
      <Filter>Header Files</Filter>
    </ClInclude>
    <ClInclude Include="include\EUTelTrack.h">
      <Filter>Header Files</Filter>
    </ClInclude>
    <ClInclude Include="include\EUTelTrackAnalysis.h">
      <Filter>Header Files</Filter>
    </ClInclude>
    <ClInclude Include="include\EUTelTrackCreate.h">
      <Filter>Header Files</Filter>
    </ClInclude>
    <ClInclude Include="include\EUTelTrackerDataInterfacer.h">
      <Filter>Header Files</Filter>
    </ClInclude>
    <ClInclude Include="include\EUTelTrackerDataInterfacerImpl.h">
      <Filter>Header Files</Filter>
    </ClInclude>
    <ClInclude Include="include\EUTelTrackSelection.h">
      <Filter>Header Files</Filter>
    </ClInclude>
    <ClInclude Include="include\EUTelUpdatePedestalNoiseProcessor.h">
      <Filter>Header Files</Filter>
    </ClInclude>
    <ClInclude Include="include\EUTelUtility.h">
      <Filter>Header Files</Filter>
    </ClInclude>
    <ClInclude Include="include\EUTelUtilityPrintEventNumber.h">
      <Filter>Header Files</Filter>
    </ClInclude>
    <ClInclude Include="include\EUTelVirtualCluster.h">
      <Filter>Header Files</Filter>
    </ClInclude>
    <ClInclude Include="include\GEARPixGeoDescr.h">
      <Filter>Header Files</Filter>
    </ClInclude>
    <ClInclude Include="include\TDSIntegrationStorage.h">
      <Filter>Header Files</Filter>
    </ClInclude>
    <ClInclude Include="include\TDSPixel.h">
      <Filter>Header Files</Filter>
    </ClInclude>
    <ClInclude Include="include\TDSPixelsChargeMap.h">
      <Filter>Header Files</Filter>
    </ClInclude>
    <ClInclude Include="include\TDSPrecluster.h">
      <Filter>Header Files</Filter>
    </ClInclude>
    <ClInclude Include="include\TDSStep.h">
      <Filter>Header Files</Filter>
    </ClInclude>
    <ClInclude Include="include\CrossSection.hpp">
      <Filter>Header Files</Filter>
    </ClInclude>
    <ClInclude Include="include\alibava\ALIBAVA.h">
      <Filter>Header Files</Filter>
    </ClInclude>
    <ClInclude Include="include\alibava\AlibavaBaseHistogramMaker.h">
      <Filter>Header Files</Filter>
    </ClInclude>
    <ClInclude Include="include\alibava\AlibavaBaseProcessor.h">
      <Filter>Header Files</Filter>
    </ClInclude>
    <ClInclude Include="include\alibava\AlibavaCluster.h">
      <Filter>Header Files</Filter>
    </ClInclude>
    <ClInclude Include="include\alibava\AlibavaClusterCollectionMerger.h">
      <Filter>Header Files</Filter>
    </ClInclude>
    <ClInclude Include="include\alibava\AlibavaClusterConverter.h">
      <Filter>Header Files</Filter>
    </ClInclude>
    <ClInclude Include="include\alibava\AlibavaClusterHistogramMaker.h">
      <Filter>Header Files</Filter>
    </ClInclude>
    <ClInclude Include="include\alibava\AlibavaCommonModeSubtraction.h">
      <Filter>Header Files</Filter>
    </ClInclude>
    <ClInclude Include="include\alibava\AlibavaConstantCommonModeCutProcessor.h">
      <Filter>Header Files</Filter>
    </ClInclude>
    <ClInclude Include="include\alibava\AlibavaConstantCommonModeProcessor.h">
      <Filter>Header Files</Filter>
    </ClInclude>
    <ClInclude Include="include\alibava\AlibavaConverter.h">
      <Filter>Header Files</Filter>
    </ClInclude>
    <ClInclude Include="include\alibava\AlibavaCorrelator.h">
      <Filter>Header Files</Filter>
    </ClInclude>
    <ClInclude Include="include\alibava\AlibavaDataHistogramMaker.h">
      <Filter>Header Files</Filter>
    </ClInclude>
    <ClInclude Include="include\alibava\AlibavaEventImpl.h">
      <Filter>Header Files</Filter>
    </ClInclude>
    <ClInclude Include="include\alibava\AlibavaPedestalNoiseProcessor.h">
      <Filter>Header Files</Filter>
    </ClInclude>
    <ClInclude Include="include\alibava\AlibavaPedestalSubtraction.h">
      <Filter>Header Files</Filter>
    </ClInclude>
    <ClInclude Include="include\alibava\AlibavaPedNoiCalIOManager.h">
      <Filter>Header Files</Filter>
    </ClInclude>
    <ClInclude Include="include\alibava\AlibavaRunHeaderImpl.h">
      <Filter>Header Files</Filter>
    </ClInclude>
    <ClInclude Include="include\alibava\AlibavaSeedClustering.h">
      <Filter>Header Files</Filter>
    </ClInclude>
    <ClInclude Include="include\alibava\AlibavaTimeCutProcessor.h">
      <Filter>Header Files</Filter>
    </ClInclude>
    <ClInclude Include="include\alibava\ExampleAlibavaHistogramMaker.h">
      <Filter>Header Files</Filter>
    </ClInclude>
    <ClInclude Include="include\alibava\ExampleAlibavaProcessor.h">
      <Filter>Header Files</Filter>
    </ClInclude>
    <ClInclude Include="pixgeo\include\FEI4Double.h">
      <Filter>Header Files</Filter>
    </ClInclude>
    <ClInclude Include="pixgeo\include\FEI4FourChip.h">
      <Filter>Header Files</Filter>
    </ClInclude>
    <ClInclude Include="pixgeo\include\FEI4Single.h">
      <Filter>Header Files</Filter>
    </ClInclude>
    <ClInclude Include="pixgeo\include\Mimosa26.h">
      <Filter>Header Files</Filter>
    </ClInclude>
    <ClInclude Include="test\histograms\eutelescopeHistos.h">
      <Filter>Header Files</Filter>
    </ClInclude>
  </ItemGroup>
  <ItemGroup>
    <None Include="doc\introduction.html" />
  </ItemGroup>
</Project>